
Microsoft Visual Studio Solution File, Format Version 12.00
# Visual Studio Version 17
VisualStudioVersion = 17.5.33424.131
MinimumVisualStudioVersion = 10.0.40219.1
Project("{FAE04EC0-301F-11D3-BF4B-00C04F79EFBC}") = "New_Train_Reservation", "New_Train_Reservation\New_Train_Reservation.csproj", "{303B6492-A281-4A13-8819-6C936B5EDA60}"
EndProject
Global
	GlobalSection(SolutionConfigurationPlatforms) = preSolution
		Debug|Any CPU = Debug|Any CPU
		Release|Any CPU = Release|Any CPU
	EndGlobalSection
	GlobalSection(ProjectConfigurationPlatforms) = postSolution
		{303B6492-A281-4A13-8819-6C936B5EDA60}.Debug|Any CPU.ActiveCfg = Debug|Any CPU
		{303B6492-A281-4A13-8819-6C936B5EDA60}.Debug|Any CPU.Build.0 = Debug|Any CPU
		{303B6492-A281-4A13-8819-6C936B5EDA60}.Release|Any CPU.ActiveCfg = Release|Any CPU
		{303B6492-A281-4A13-8819-6C936B5EDA60}.Release|Any CPU.Build.0 = Release|Any CPU
	EndGlobalSection
	GlobalSection(SolutionProperties) = preSolution
		HideSolutionNode = FALSE
	EndGlobalSection
	GlobalSection(ExtensibilityGlobals) = postSolution
		SolutionGuid = {DCD10C35-235C-4BED-A8FF-80522510A32A}
	EndGlobalSection
EndGlobal
